# THIS IS AN AUTOGENERATED FILE. DO NOT EDIT THIS FILE DIRECTLY.
# yarn lockfile v1


"@babel/runtime@^7.18.9":
  version "7.18.9"
  resolved "https://registry.yarnpkg.com/@babel/runtime/-/runtime-7.18.9.tgz#b4fcfce55db3d2e5e080d2490f608a3b9f407f4a"
  integrity sha512-lkqXDcvlFT5rvEjiu6+QYO+1GXrEHRo2LOtS7E4GtX5ESIZOgepqsZBVIj6Pv+a6zqsya9VCgiK1KAK4BvJDAw==
  dependencies:
    regenerator-runtime "^0.13.4"

JSONSelect@0.4.0:
  version "0.4.0"
  resolved "https://registry.yarnpkg.com/JSONSelect/-/JSONSelect-0.4.0.tgz#a08edcc67eb3fcbe99ed630855344a0cf282bb8d"
  integrity sha512-VRLR3Su35MH+XV2lrvh9O7qWoug/TUyj9tLDjn9rtpUCNnILLrHjgd/tB0KrhugCxUpj3UqoLqfYb3fLJdIQQQ==

augment@3.2.1:
  version "3.2.1"
  resolved "https://registry.yarnpkg.com/augment/-/augment-3.2.1.tgz#ec5d9e9456140efab1110fddb352cbe54e7fb31c"
  integrity sha512-g5E3vuN1RvCvCqNLKeNOyvTO4RbpOyasUjc/e8dnK9ecg9J9nrSv8N2PxDdnaBXYgmiTAErnen2harV2euPpEA==

colors@0.5.x:
  version "0.5.1"
  resolved "https://registry.yarnpkg.com/colors/-/colors-0.5.1.tgz#7d0023eaeb154e8ee9fce75dcb923d0ed1667774"
  integrity sha512-XjsuUwpDeY98+yz959OlUK6m7mLBM+1MEG5oaenfuQnNnrQk1WvtcvFgN3FNDP3f2NmZ211t0mNEfSEN1h0eIg==

complex.js@^2.1.1:
  version "2.1.1"
  resolved "https://registry.yarnpkg.com/complex.js/-/complex.js-2.1.1.tgz#0675dac8e464ec431fb2ab7d30f41d889fb25c31"
  integrity sha512-8njCHOTtFFLtegk6zQo0kkVX1rngygb/KQI6z1qZxlFI3scluC+LVTCFbrkWjBv4vvLlbQ9t88IPMC6k95VTTg==

decimal.js@^10.4.0:
  version "10.4.0"
  resolved "https://registry.yarnpkg.com/decimal.js/-/decimal.js-10.4.0.tgz#97a7448873b01e92e5ff9117d89a7bca8e63e0fe"
  integrity sha512-Nv6ENEzyPQ6AItkGwLE2PGKinZZ9g59vSh2BeH6NqPu0OTKZ5ruJsVqh/orbAnqXc9pBbgXAIrc2EyaCj8NpGg==

ebnf-parser@0.1.x:
  version "0.1.10"
  resolved "https://registry.yarnpkg.com/ebnf-parser/-/ebnf-parser-0.1.10.tgz#cd1f6ba477c5638c40c97ed9b572db5bab5d8331"
  integrity sha512-urvSxVQ6XJcoTpc+/x2pWhhuOX4aljCNQpwzw+ifZvV1andZkAmiJc3Rq1oGEAQmcjiLceyMXOy1l8ms8qs2fQ==

escape-latex@^1.2.0:
  version "1.2.0"
  resolved "https://registry.yarnpkg.com/escape-latex/-/escape-latex-1.2.0.tgz#07c03818cf7dac250cce517f4fda1b001ef2bca1"
  integrity sha512-nV5aVWW1K0wEiUIEdZ4erkGGH8mDxGyxSeqPzRNtWP7ataw+/olFObw7hujFWlVjNsaDFw5VZ5NzVSIqRgfTiw==

escodegen@0.0.21:
  version "0.0.21"
  resolved "https://registry.yarnpkg.com/escodegen/-/escodegen-0.0.21.tgz#53d652cfa1030388279458a5266c5ffc709c63c3"
  integrity sha512-BQL5g+BqyrM5HRAKt4Q4YuH9CqiEcIHWSJ8fg2PRNkGkXn/LgzeDCZzDDSX4UiljSAHgXaHgOZREQ2xOigbLzA==
  dependencies:
    esprima "~1.0.2"
    estraverse "~0.0.4"
  optionalDependencies:
    source-map ">= 0.1.2"

esprima@1.0.x, esprima@~1.0.2:
  version "1.0.4"
  resolved "https://registry.yarnpkg.com/esprima/-/esprima-1.0.4.tgz#9f557e08fc3b4d26ece9dd34f8fbf476b62585ad"
  integrity sha512-rp5dMKN8zEs9dfi9g0X1ClLmV//WRyk/R15mppFNICIFRG5P92VP7Z04p8pk++gABo9W2tY+kHyu6P1mEHgmTA==

estraverse@~0.0.4:
  version "0.0.4"
  resolved "https://registry.yarnpkg.com/estraverse/-/estraverse-0.0.4.tgz#01a0932dfee574684a598af5a67c3bf9b6428db2"
  integrity sha512-21DfBCsFJGb3HZr0vEBH1Wk1tGSbbzA8I/xtSSoy/pRtupHv0OgBmObcNGXM3ec6/pOXTOOUYY9/5bfluzz0sw==

fraction.js@^4.2.0:
  version "4.2.0"
  resolved "https://registry.yarnpkg.com/fraction.js/-/fraction.js-4.2.0.tgz#448e5109a313a3527f5a3ab2119ec4cf0e0e2950"
  integrity sha512-MhLuK+2gUcnZe8ZHlaaINnQLl0xRIGRfcGk2yl8xoQAfHrSsL3rYu6FCmBdkdbhc9EPlwyGHewaRsvwRMJtAlA==

javascript-natural-sort@^0.7.1:
  version "0.7.1"
  resolved "https://registry.yarnpkg.com/javascript-natural-sort/-/javascript-natural-sort-0.7.1.tgz#f9e2303d4507f6d74355a73664d1440fb5a0ef59"
  integrity sha512-nO6jcEfZWQXDhOiBtG2KvKyEptz7RVbpGP4vTD2hLBdmNQSsCiicO2Ioinv6UI4y9ukqnBpy+XZ9H6uLNgJTlw==

jison-lex@0.2.x:
  version "0.2.1"
  resolved "https://registry.yarnpkg.com/jison-lex/-/jison-lex-0.2.1.tgz#ac4b815e8cce5132eb12b5dfcfe8d707b8844dfe"
  integrity sha512-WCNVPRxaTWdhwJAIrBsgkGT9n6H1yNR9Lfof5LUHaMul24ySrJ1SXbVPszZfs57jwXvASLWBpd0xpFEW2oIuVA==
  dependencies:
    lex-parser "0.1.x"
    nomnom "1.5.2"

jison@0.4.4:
  version "0.4.4"
  resolved "https://registry.yarnpkg.com/jison/-/jison-0.4.4.tgz#86b03b65efec007a91f493eceabe56f90aa6b439"
  integrity sha512-8KfKaIIngog2VR5UfEmPhcK1i/2XbBzL5KZbuG8M0qLsYWnodWqq7x28XLsee0RazE0Z2OQAaG9/VCk7gi4VOA==
  dependencies:
    JSONSelect "0.4.0"
    ebnf-parser "0.1.x"
    escodegen "0.0.21"
    esprima "1.0.x"
    jison-lex "0.2.x"
    lex-parser "0.1.x"
    nomnom "1.5.2"

lex-parser@0.1.x:
  version "0.1.4"
  resolved "https://registry.yarnpkg.com/lex-parser/-/lex-parser-0.1.4.tgz#64c4f025f17fd53bfb45763faeb16f015a747550"
  integrity sha512-DuAEISsr1H4LOpmFLkyMc8YStiRWZCO8hMsoXAXSbgyfvs2WQhSt0+/FBv3ZU/JBFZMGcE+FWzEBSzwUU7U27w==

lex@1.7.4:
  version "1.7.4"
  resolved "https://registry.yarnpkg.com/lex/-/lex-1.7.4.tgz#33dd66b980a38d77a6c424d7173e6f40d602c0c5"
  integrity sha512-9B1SLZjx8ZjYJx8AmlbVjeqYDllU7PCWwE/VYgq4DJ5gePjbzgdms+MC7tsj1tdyRp7O6BfXTTDHJnPiiPV0Pw==

mathjs@^11.1.0:
  version "11.1.0"
  resolved "https://registry.yarnpkg.com/mathjs/-/mathjs-11.1.0.tgz#501fc1b8d66155442ce7762bf04469168d38587c"
  integrity sha512-cbsEruLNoIlj5h5vOF+DUQVe4EsA/WNomSQDMnX2WafX9TLneBSCRMx2okgGnSLzLoMGWQ211KVzY55bEnQa8Q==
  dependencies:
    "@babel/runtime" "^7.18.9"
    complex.js "^2.1.1"
    decimal.js "^10.4.0"
    escape-latex "^1.2.0"
    fraction.js "^4.2.0"
    javascript-natural-sort "^0.7.1"
    seedrandom "^3.0.5"
    tiny-emitter "^2.1.0"
    typed-function "^4.1.0"

nomnom@1.5.2:
  version "1.5.2"
  resolved "https://registry.yarnpkg.com/nomnom/-/nomnom-1.5.2.tgz#f4345448a853cfbd5c0d26320f2477ab0526fe2f"
  integrity sha512-fiVbT7BqxiQqjlR9U3FDGOSERFCKoXVCdxV2FwZuNN7/cmJ42iQx35nUFOAFDcyvemu9Adp+IlsCGlKQYLmBKw==
  dependencies:
    colors "0.5.x"
    underscore "1.1.x"

regenerator-runtime@^0.13.4:
  version "0.13.9"
  resolved "https://registry.yarnpkg.com/regenerator-runtime/-/regenerator-runtime-0.13.9.tgz#8925742a98ffd90814988d7566ad30ca3b263b52"
  integrity sha512-p3VT+cOEgxFsRRA9X4lkI1E+k2/CtnKtU4gcxyaCUreilL/vqI6CdZ3wxVUx3UOUg+gnUOQQcRI7BmSI656MYA==

regex@^0.1.1:
  version "0.1.1"
  resolved "https://registry.yarnpkg.com/regex/-/regex-0.1.1.tgz#0580995d1846c5376a762b9d358b83068d207aef"
  integrity sha512-aZ/uNt2gUw9aD0K18LFAHdOUKsHL2fSny9YLqcxDfLmZOTK8mZxueHsAikh3UjPGZlmr4J3sdCNMPTp1wPR5hA==
  dependencies:
    augment "3.2.1"
    jison "0.4.4"
    lex "1.7.4"
    statemachines "0.1.0"

seedrandom@^3.0.5:
  version "3.0.5"
  resolved "https://registry.yarnpkg.com/seedrandom/-/seedrandom-3.0.5.tgz#54edc85c95222525b0c7a6f6b3543d8e0b3aa0a7"
  integrity sha512-8OwmbklUNzwezjGInmZ+2clQmExQPvomqjL7LFqOYqtmuxRgQYqOD3mHaU+MvZn5FLUeVxVfQjwLZW/n/JFuqg==

sorted-array@1.1.0:
  version "1.1.0"
  resolved "https://registry.yarnpkg.com/sorted-array/-/sorted-array-1.1.0.tgz#61a98325e412bb90999b4bac18dfed5f3564102d"
  integrity sha512-jZgZDuFkeb3MJ9dE88/vlK7IB4C1Fip5oyCgabmxk8885dQP+zfZAq88RWzD+4KUskhHETVmDkMtERzRclI6fg==

"source-map@>= 0.1.2":
  version "0.7.4"
  resolved "https://registry.yarnpkg.com/source-map/-/source-map-0.7.4.tgz#a9bbe705c9d8846f4e08ff6765acf0f1b0898656"
  integrity sha512-l3BikUxvPOcn5E74dZiq5BGsTb5yEwhaTSzccU6t4sDOH8NWJCstKO5QT2CvtFoK6F0saL7p9xHAqHOlCPJygA==

statemachines@0.1.0:
  version "0.1.0"
  resolved "https://registry.yarnpkg.com/statemachines/-/statemachines-0.1.0.tgz#b545fd3d8a55280f302b8696f19c0a11c4e33ade"
  integrity sha512-RYZMSj20+WOobiIiBkCPUlZlJlnzPwzJ5DR6KA91RmxTBbe7EDB+ISNd2jU7QcI08BubqgL3bHFRhiL/KR3lYQ==
  dependencies:
    augment "3.2.1"
    sorted-array "1.1.0"

tiny-emitter@^2.1.0:
  version "2.1.0"
  resolved "https://registry.yarnpkg.com/tiny-emitter/-/tiny-emitter-2.1.0.tgz#1d1a56edfc51c43e863cbb5382a72330e3555423"
  integrity sha512-NB6Dk1A9xgQPMoGqC5CVXn123gWyte215ONT5Pp5a0yt4nlEoO1ZWeCwpncaekPHXO60i47ihFnZPiRPjRMq4Q==

typed-function@^4.1.0:
  version "4.1.0"
  resolved "https://registry.yarnpkg.com/typed-function/-/typed-function-4.1.0.tgz#da4bdd8a6d19a89e22732f75e4a410860aaf9712"
  integrity sha512-DGwUl6cioBW5gw2L+6SMupGwH/kZOqivy17E4nsh1JI9fKF87orMmlQx3KISQPmg3sfnOUGlwVkroosvgddrlg==

underscore@1.1.x:
  version "1.1.7"
  resolved "https://registry.yarnpkg.com/underscore/-/underscore-1.1.7.tgz#40bab84bad19d230096e8d6ef628bff055d83db0"
  integrity sha512-w4QtCHoLBXw1mjofIDoMyexaEdWGMedWNDhlWTtT1V1lCRqi65Pnoygkh6+WRdr+Bm8ldkBNkNeCsXGMlQS9HQ==
